
Microsoft Visual Studio Solution File, Format Version 12.00
# Visual Studio 15
VisualStudioVersion = 15.0.28307.1622
MinimumVisualStudioVersion = 10.0.40219.1
Project("{FAE04EC0-301F-11D3-BF4B-00C04F79EFBC}") = "Stresta", "Stresta\Stresta.csproj", "{554077CD-0C62-4851-A435-F7A256B5F641}"
EndProject
Global
	GlobalSection(SolutionConfigurationPlatforms) = preSolution
		Debug|Any CPU = Debug|Any CPU
		Release|Any CPU = Release|Any CPU
	EndGlobalSection
	GlobalSection(ProjectConfigurationPlatforms) = postSolution
		{554077CD-0C62-4851-A435-F7A256B5F641}.Debug|Any CPU.ActiveCfg = Debug|Any CPU
		{554077CD-0C62-4851-A435-F7A256B5F641}.Debug|Any CPU.Build.0 = Debug|Any CPU
		{554077CD-0C62-4851-A435-F7A256B5F641}.Release|Any CPU.ActiveCfg = Release|Any CPU
		{554077CD-0C62-4851-A435-F7A256B5F641}.Release|Any CPU.Build.0 = Release|Any CPU
	EndGlobalSection
	GlobalSection(SolutionProperties) = preSolution
		HideSolutionNode = FALSE
	EndGlobalSection
	GlobalSection(ExtensibilityGlobals) = postSolution
		SolutionGuid = {8D40BCE8-6454-4F41-A75F-6FBE9D4CF404}
	EndGlobalSection
EndGlobal
